# This file is automatically @generated by Cargo.
# It is not intended for manual editing.
version = 4

[[package]]
name = "trains-application"
version = "0.1.0"
dependencies = [
 "trains-kernel",
 "trains-platform",
]

[[package]]
name = "trains-kernel"
version = "0.1.0"
dependencies = [
 "trains-platform",
 "trains-primitives",
]

[[package]]
name = "trains-logger"
version = "0.1.0"
dependencies = [
 "trains-platform",
]

[[package]]
name = "trains-platform"
version = "0.1.0"
dependencies = [
 "trains-primitives",
]

[[package]]
name = "trains-primitives"
version = "0.1.0"
